
Microsoft Visual Studio Solution File, Format Version 12.00
# Visual Studio 2012
Project("{FAE04EC0-301F-11D3-BF4B-00C04F79EFBC}") = "Tests", "Tests\Tests.csproj", "{6E2D04B8-14EC-4875-9D65-8F16376E2406}"
EndProject
Project("{FAE04EC0-301F-11D3-BF4B-00C04F79EFBC}") = "Source", "Source\Source.csproj", "{90A6D728-0F92-4DED-A49B-F0BE69887E86}"
EndProject
Project("{FAE04EC0-301F-11D3-BF4B-00C04F79EFBC}") = "Benchmarks", "Benchmarks\Benchmarks.csproj", "{47D9600B-C194-4189-AC3D-2FC4A2B9C513}"
EndProject
Global
	GlobalSection(SolutionConfigurationPlatforms) = preSolution
		Debug|Any CPU = Debug|Any CPU
		Release|Any CPU = Release|Any CPU
	EndGlobalSection
	GlobalSection(ProjectConfigurationPlatforms) = postSolution
		{47D9600B-C194-4189-AC3D-2FC4A2B9C513}.Debug|Any CPU.ActiveCfg = Debug|Any CPU
		{47D9600B-C194-4189-AC3D-2FC4A2B9C513}.Debug|Any CPU.Build.0 = Debug|Any CPU
		{47D9600B-C194-4189-AC3D-2FC4A2B9C513}.Release|Any CPU.ActiveCfg = Release|Any CPU
		{47D9600B-C194-4189-AC3D-2FC4A2B9C513}.Release|Any CPU.Build.0 = Release|Any CPU
		{6E2D04B8-14EC-4875-9D65-8F16376E2406}.Debug|Any CPU.ActiveCfg = Debug|Any CPU
		{6E2D04B8-14EC-4875-9D65-8F16376E2406}.Debug|Any CPU.Build.0 = Debug|Any CPU
		{6E2D04B8-14EC-4875-9D65-8F16376E2406}.Release|Any CPU.ActiveCfg = Release|Any CPU
		{6E2D04B8-14EC-4875-9D65-8F16376E2406}.Release|Any CPU.Build.0 = Release|Any CPU
		{90A6D728-0F92-4DED-A49B-F0BE69887E86}.Debug|Any CPU.ActiveCfg = Debug|Any CPU
		{90A6D728-0F92-4DED-A49B-F0BE69887E86}.Debug|Any CPU.Build.0 = Debug|Any CPU
		{90A6D728-0F92-4DED-A49B-F0BE69887E86}.Release|Any CPU.ActiveCfg = Release|Any CPU
		{90A6D728-0F92-4DED-A49B-F0BE69887E86}.Release|Any CPU.Build.0 = Release|Any CPU
	EndGlobalSection
EndGlobal
